{
  "nodes": {
    "home-manager": {
      "inputs": {
        "nixpkgs": [
          "nixpkgs"
        ]
      },
      "locked": {
        "lastModified": 1750304462,
        "narHash": "sha256-Mj5t4yX05/rXnRqJkpoLZTWqgStB88Mr/fegTRqyiWc=",
        "owner": "nix-community",
        "repo": "home-manager",
        "rev": "863842639722dd12ae9e37ca83bcb61a63b36f6c",
        "type": "github"
      },
      "original": {
        "owner": "nix-community",
        "repo": "home-manager",
        "type": "github"
      }
    },
    "labwc-manager": {
      "locked": {
        "lastModified": 1735402716,
        "narHash": "sha256-lfyMdxkyGyVdrtOTHufekJrmozeIlFZ+0Jsmi5NB8NE=",
        "owner": "ZikGames",
        "repo": "labwc-manager",
        "rev": "04006a6c87eaab56043c8283aabbac5289788c07",
        "type": "github"
      },
      "original": {
        "owner": "ZikGames",
        "repo": "labwc-manager",
        "type": "github"
      }
    },
    "nixpkgs": {
      "locked": {
        "lastModified": 1750365781,
        "narHash": "sha256-XE/lFNhz5lsriMm/yjXkvSZz5DfvKJLUjsS6pP8EC50=",
        "owner": "nixos",
        "repo": "nixpkgs",
        "rev": "08f22084e6085d19bcfb4be30d1ca76ecb96fe54",
        "type": "github"
      },
      "original": {
        "owner": "nixos",
        "ref": "nixos-unstable",
        "repo": "nixpkgs",
        "type": "github"
      }
    },
    "plasma-manager": {
      "inputs": {
        "home-manager": [
          "home-manager"
        ],
        "nixpkgs": [
          "nixpkgs"
        ]
      },
      "locked": {
        "lastModified": 1748196248,
        "narHash": "sha256-1iHjsH6/5UOerJEoZKE+Gx1BgAoge/YcnUsOA4wQ/BU=",
        "owner": "nix-community",
        "repo": "plasma-manager",
        "rev": "b7697abe89967839b273a863a3805345ea54ab56",
        "type": "github"
      },
      "original": {
        "owner": "nix-community",
        "repo": "plasma-manager",
        "type": "github"
      }
    },
    "root": {
      "inputs": {
        "home-manager": "home-manager",
        "labwc-manager": "labwc-manager",
        "nixpkgs": "nixpkgs",
        "plasma-manager": "plasma-manager",
        "yandex-browser": "yandex-browser"
      }
    },
    "yandex-browser": {
      "inputs": {
        "nixpkgs": [
          "nixpkgs"
        ]
      },
      "locked": {
        "lastModified": 1738661312,
        "narHash": "sha256-jB/D+7rTUMAhp6m3BPIJ8QgN5if6xi6tjJ/Rwt3U8hI=",
        "owner": "teu5us",
        "repo": "nix-yandex-browser",
        "rev": "bdc6fca259f9435e7e9606fca2256905a36f48e9",
        "type": "github"
      },
      "original": {
        "owner": "teu5us",
        "repo": "nix-yandex-browser",
        "type": "github"
      }
    }
  },
  "root": "root",
  "version": 7
}
